// !$*UTF8*$!
{
	archiveVersion = 1;
	classes = {
	};
	objectVersion = 56;
	objects = {

/* Begin PBXBuildFile section */
		53F6B9342A237D780097B464 /* bike_stationsApp.swift in Sources */ = {isa = PBXBuildFile; fileRef = 53F6B9332A237D780097B464 /* bike_stationsApp.swift */; };
		53F6B9362A237D780097B464 /* ContentView.swift in Sources */ = {isa = PBXBuildFile; fileRef = 53F6B9352A237D780097B464 /* ContentView.swift */; };
		53F6B9382A237D790097B464 /* Assets.xcassets in Resources */ = {isa = PBXBuildFile; fileRef = 53F6B9372A237D790097B464 /* Assets.xcassets */; };
		53F6B93B2A237D790097B464 /* Preview Assets.xcassets in Resources */ = {isa = PBXBuildFile; fileRef = 53F6B93A2A237D790097B464 /* Preview Assets.xcassets */; };
		53F6B9452A237D790097B464 /* bike_stationsTests.swift in Sources */ = {isa = PBXBuildFile; fileRef = 53F6B9442A237D790097B464 /* bike_stationsTests.swift */; };
		53F6B94F2A237D790097B464 /* bike_stationsUITests.swift in Sources */ = {isa = PBXBuildFile; fileRef = 53F6B94E2A237D790097B464 /* bike_stationsUITests.swift */; };
		53F6B9512A237D790097B464 /* bike_stationsUITestsLaunchTests.swift in Sources */ = {isa = PBXBuildFile; fileRef = 53F6B9502A237D790097B464 /* bike_stationsUITestsLaunchTests.swift */; };
		53F6B9682A24D8930097B464 /* NetworkService.swift in Sources */ = {isa = PBXBuildFile; fileRef = 53F6B9672A24D8930097B464 /* NetworkService.swift */; };
		53F6B96A2A24DB320097B464 /* DataRequest.swift in Sources */ = {isa = PBXBuildFile; fileRef = 53F6B9692A24DB320097B464 /* DataRequest.swift */; };
		53F6B96C2A24DE900097B464 /* NetworkError.swift in Sources */ = {isa = PBXBuildFile; fileRef = 53F6B96B2A24DE900097B464 /* NetworkError.swift */; };
		53F6B9702A24F1AF0097B464 /* GetBikeStationListRequest.swift in Sources */ = {isa = PBXBuildFile; fileRef = 53F6B96F2A24F1AF0097B464 /* GetBikeStationListRequest.swift */; };
		53F6B9762A24FB530097B464 /* BikeStationsResponse.swift in Sources */ = {isa = PBXBuildFile; fileRef = 53F6B9752A24FB530097B464 /* BikeStationsResponse.swift */; };
		53F6B97A2A2501CD0097B464 /* BikeStationListVM.swift in Sources */ = {isa = PBXBuildFile; fileRef = 53F6B9792A2501CD0097B464 /* BikeStationListVM.swift */; };
		53F6B97D2A2502170097B464 /* LocationService.swift in Sources */ = {isa = PBXBuildFile; fileRef = 53F6B97C2A2502170097B464 /* LocationService.swift */; };
		53F6B9802A250E260097B464 /* BikeStationsNetworkService.swift in Sources */ = {isa = PBXBuildFile; fileRef = 53F6B97F2A250E260097B464 /* BikeStationsNetworkService.swift */; };
		53F6B9822A2513410097B464 /* BikeStationListView.swift in Sources */ = {isa = PBXBuildFile; fileRef = 53F6B9812A2513410097B464 /* BikeStationListView.swift */; };
		53F6B9892A2520E20097B464 /* Constants.swift in Sources */ = {isa = PBXBuildFile; fileRef = 53F6B9882A2520E20097B464 /* Constants.swift */; };
		53F6B98B2A2522360097B464 /* BikeStationCardView.swift in Sources */ = {isa = PBXBuildFile; fileRef = 53F6B98A2A2522360097B464 /* BikeStationCardView.swift */; };
		53F6B98F2A25463A0097B464 /* BikeStationCardVM.swift in Sources */ = {isa = PBXBuildFile; fileRef = 53F6B98E2A25463A0097B464 /* BikeStationCardVM.swift */; };
		53F6B9932A2556190097B464 /* BikeStationDetailView.swift in Sources */ = {isa = PBXBuildFile; fileRef = 53F6B9922A2556190097B464 /* BikeStationDetailView.swift */; };
		53F6B9952A2570090097B464 /* BikeStationDetailVM.swift in Sources */ = {isa = PBXBuildFile; fileRef = 53F6B9942A2570090097B464 /* BikeStationDetailVM.swift */; };
		53F6B9972A2578EA0097B464 /* MapView.swift in Sources */ = {isa = PBXBuildFile; fileRef = 53F6B9962A2578EA0097B464 /* MapView.swift */; };
		53F6B9992A257BA10097B464 /* MapViewVM.swift in Sources */ = {isa = PBXBuildFile; fileRef = 53F6B9982A257BA10097B464 /* MapViewVM.swift */; };
		53F6B99C2A257EDE0097B464 /* AnnotationItem.swift in Sources */ = {isa = PBXBuildFile; fileRef = 53F6B99B2A257EDE0097B464 /* AnnotationItem.swift */; };
/* End PBXBuildFile section */

/* Begin PBXContainerItemProxy section */
		53F6B9412A237D790097B464 /* PBXContainerItemProxy */ = {
			isa = PBXContainerItemProxy;
			containerPortal = 53F6B9282A237D780097B464 /* Project object */;
			proxyType = 1;
			remoteGlobalIDString = 53F6B92F2A237D780097B464;
			remoteInfo = "bike-stations";
		};
		53F6B94B2A237D790097B464 /* PBXContainerItemProxy */ = {
			isa = PBXContainerItemProxy;
			containerPortal = 53F6B9282A237D780097B464 /* Project object */;
			proxyType = 1;
			remoteGlobalIDString = 53F6B92F2A237D780097B464;
			remoteInfo = "bike-stations";
		};
/* End PBXContainerItemProxy section */

/* Begin PBXFileReference section */
		53F6B9302A237D780097B464 /* bike-stations.app */ = {isa = PBXFileReference; explicitFileType = wrapper.application; includeInIndex = 0; path = "bike-stations.app"; sourceTree = BUILT_PRODUCTS_DIR; };
		53F6B9332A237D780097B464 /* bike_stationsApp.swift */ = {isa = PBXFileReference; lastKnownFileType = sourcecode.swift; path = bike_stationsApp.swift; sourceTree = "<group>"; };
		53F6B9352A237D780097B464 /* ContentView.swift */ = {isa = PBXFileReference; lastKnownFileType = sourcecode.swift; path = ContentView.swift; sourceTree = "<group>"; };
		53F6B9372A237D790097B464 /* Assets.xcassets */ = {isa = PBXFileReference; lastKnownFileType = folder.assetcatalog; path = Assets.xcassets; sourceTree = "<group>"; };
		53F6B93A2A237D790097B464 /* Preview Assets.xcassets */ = {isa = PBXFileReference; lastKnownFileType = folder.assetcatalog; path = "Preview Assets.xcassets"; sourceTree = "<group>"; };
		53F6B9402A237D790097B464 /* bike-stationsTests.xctest */ = {isa = PBXFileReference; explicitFileType = wrapper.cfbundle; includeInIndex = 0; path = "bike-stationsTests.xctest"; sourceTree = BUILT_PRODUCTS_DIR; };
		53F6B9442A237D790097B464 /* bike_stationsTests.swift */ = {isa = PBXFileReference; lastKnownFileType = sourcecode.swift; path = bike_stationsTests.swift; sourceTree = "<group>"; };
		53F6B94A2A237D790097B464 /* bike-stationsUITests.xctest */ = {isa = PBXFileReference; explicitFileType = wrapper.cfbundle; includeInIndex = 0; path = "bike-stationsUITests.xctest"; sourceTree = BUILT_PRODUCTS_DIR; };
		53F6B94E2A237D790097B464 /* bike_stationsUITests.swift */ = {isa = PBXFileReference; lastKnownFileType = sourcecode.swift; path = bike_stationsUITests.swift; sourceTree = "<group>"; };
		53F6B9502A237D790097B464 /* bike_stationsUITestsLaunchTests.swift */ = {isa = PBXFileReference; lastKnownFileType = sourcecode.swift; path = bike_stationsUITestsLaunchTests.swift; sourceTree = "<group>"; };
		53F6B9672A24D8930097B464 /* NetworkService.swift */ = {isa = PBXFileReference; lastKnownFileType = sourcecode.swift; path = NetworkService.swift; sourceTree = "<group>"; };
		53F6B9692A24DB320097B464 /* DataRequest.swift */ = {isa = PBXFileReference; lastKnownFileType = sourcecode.swift; path = DataRequest.swift; sourceTree = "<group>"; };
		53F6B96B2A24DE900097B464 /* NetworkError.swift */ = {isa = PBXFileReference; lastKnownFileType = sourcecode.swift; path = NetworkError.swift; sourceTree = "<group>"; };
		53F6B96F2A24F1AF0097B464 /* GetBikeStationListRequest.swift */ = {isa = PBXFileReference; lastKnownFileType = sourcecode.swift; path = GetBikeStationListRequest.swift; sourceTree = "<group>"; };
		53F6B9752A24FB530097B464 /* BikeStationsResponse.swift */ = {isa = PBXFileReference; lastKnownFileType = sourcecode.swift; path = BikeStationsResponse.swift; sourceTree = "<group>"; };
		53F6B9792A2501CD0097B464 /* BikeStationListVM.swift */ = {isa = PBXFileReference; lastKnownFileType = sourcecode.swift; path = BikeStationListVM.swift; sourceTree = "<group>"; };
		53F6B97C2A2502170097B464 /* LocationService.swift */ = {isa = PBXFileReference; lastKnownFileType = sourcecode.swift; path = LocationService.swift; sourceTree = "<group>"; };
		53F6B97F2A250E260097B464 /* BikeStationsNetworkService.swift */ = {isa = PBXFileReference; lastKnownFileType = sourcecode.swift; path = BikeStationsNetworkService.swift; sourceTree = "<group>"; };
		53F6B9812A2513410097B464 /* BikeStationListView.swift */ = {isa = PBXFileReference; lastKnownFileType = sourcecode.swift; path = BikeStationListView.swift; sourceTree = "<group>"; };
		53F6B9832A2515450097B464 /* Info.plist */ = {isa = PBXFileReference; lastKnownFileType = text.plist.xml; path = Info.plist; sourceTree = "<group>"; };
		53F6B9882A2520E20097B464 /* Constants.swift */ = {isa = PBXFileReference; lastKnownFileType = sourcecode.swift; path = Constants.swift; sourceTree = "<group>"; };
		53F6B98A2A2522360097B464 /* BikeStationCardView.swift */ = {isa = PBXFileReference; lastKnownFileType = sourcecode.swift; path = BikeStationCardView.swift; sourceTree = "<group>"; };
		53F6B98E2A25463A0097B464 /* BikeStationCardVM.swift */ = {isa = PBXFileReference; lastKnownFileType = sourcecode.swift; path = BikeStationCardVM.swift; sourceTree = "<group>"; };
		53F6B9922A2556190097B464 /* BikeStationDetailView.swift */ = {isa = PBXFileReference; lastKnownFileType = sourcecode.swift; path = BikeStationDetailView.swift; sourceTree = "<group>"; };
		53F6B9942A2570090097B464 /* BikeStationDetailVM.swift */ = {isa = PBXFileReference; lastKnownFileType = sourcecode.swift; path = BikeStationDetailVM.swift; sourceTree = "<group>"; };
		53F6B9962A2578EA0097B464 /* MapView.swift */ = {isa = PBXFileReference; lastKnownFileType = sourcecode.swift; path = MapView.swift; sourceTree = "<group>"; };
		53F6B9982A257BA10097B464 /* MapViewVM.swift */ = {isa = PBXFileReference; lastKnownFileType = sourcecode.swift; path = MapViewVM.swift; sourceTree = "<group>"; };
		53F6B99B2A257EDE0097B464 /* AnnotationItem.swift */ = {isa = PBXFileReference; lastKnownFileType = sourcecode.swift; path = AnnotationItem.swift; sourceTree = "<group>"; };
/* End PBXFileReference section */

/* Begin PBXFrameworksBuildPhase section */
		53F6B92D2A237D780097B464 /* Frameworks */ = {
			isa = PBXFrameworksBuildPhase;
			buildActionMask = 2147483647;
			files = (
			);
			runOnlyForDeploymentPostprocessing = 0;
		};
		53F6B93D2A237D790097B464 /* Frameworks */ = {
			isa = PBXFrameworksBuildPhase;
			buildActionMask = 2147483647;
			files = (
			);
			runOnlyForDeploymentPostprocessing = 0;
		};
		53F6B9472A237D790097B464 /* Frameworks */ = {
			isa = PBXFrameworksBuildPhase;
			buildActionMask = 2147483647;
			files = (
			);
			runOnlyForDeploymentPostprocessing = 0;
		};
/* End PBXFrameworksBuildPhase section */

/* Begin PBXGroup section */
		53F6B9272A237D780097B464 = {
			isa = PBXGroup;
			children = (
				53F6B9322A237D780097B464 /* bike-stations */,
				53F6B9432A237D790097B464 /* bike-stationsTests */,
				53F6B94D2A237D790097B464 /* bike-stationsUITests */,
				53F6B9312A237D780097B464 /* Products */,
			);
			sourceTree = "<group>";
		};
		53F6B9312A237D780097B464 /* Products */ = {
			isa = PBXGroup;
			children = (
				53F6B9302A237D780097B464 /* bike-stations.app */,
				53F6B9402A237D790097B464 /* bike-stationsTests.xctest */,
				53F6B94A2A237D790097B464 /* bike-stationsUITests.xctest */,
			);
			name = Products;
			sourceTree = "<group>";
		};
		53F6B9322A237D780097B464 /* bike-stations */ = {
			isa = PBXGroup;
			children = (
				53F6B95D2A2495310097B464 /* Code */,
				53F6B95E2A24989B0097B464 /* SupportingFiles */,
				53F6B95F2A2498DB0097B464 /* Resources */,
				53F6B9392A237D790097B464 /* Preview Content */,
			);
			path = "bike-stations";
			sourceTree = "<group>";
		};
		53F6B9392A237D790097B464 /* Preview Content */ = {
			isa = PBXGroup;
			children = (
				53F6B93A2A237D790097B464 /* Preview Assets.xcassets */,
			);
			path = "Preview Content";
			sourceTree = "<group>";
		};
		53F6B9432A237D790097B464 /* bike-stationsTests */ = {
			isa = PBXGroup;
			children = (
				53F6B9442A237D790097B464 /* bike_stationsTests.swift */,
			);
			path = "bike-stationsTests";
			sourceTree = "<group>";
		};
		53F6B94D2A237D790097B464 /* bike-stationsUITests */ = {
			isa = PBXGroup;
			children = (
				53F6B94E2A237D790097B464 /* bike_stationsUITests.swift */,
				53F6B9502A237D790097B464 /* bike_stationsUITestsLaunchTests.swift */,
			);
			path = "bike-stationsUITests";
			sourceTree = "<group>";
		};
		53F6B95D2A2495310097B464 /* Code */ = {
			isa = PBXGroup;
			children = (
				53F6B9602A249A4B0097B464 /* Screens */,
				53F6B9612A249ACF0097B464 /* Utilities */,
				53F6B9652A24D60F0097B464 /* Services */,
			);
			path = Code;
			sourceTree = "<group>";
		};
		53F6B95E2A24989B0097B464 /* SupportingFiles */ = {
			isa = PBXGroup;
			children = (
				53F6B9352A237D780097B464 /* ContentView.swift */,
				53F6B9332A237D780097B464 /* bike_stationsApp.swift */,
			);
			path = SupportingFiles;
			sourceTree = "<group>";
		};
		53F6B95F2A2498DB0097B464 /* Resources */ = {
			isa = PBXGroup;
			children = (
				53F6B9832A2515450097B464 /* Info.plist */,
				53F6B9372A237D790097B464 /* Assets.xcassets */,
			);
			path = Resources;
			sourceTree = "<group>";
		};
		53F6B9602A249A4B0097B464 /* Screens */ = {
			isa = PBXGroup;
			children = (
				53F6B9642A249EEF0097B464 /* BikeStationDetail */,
				53F6B9632A249EE50097B464 /* BikeStationList */,
			);
			path = Screens;
			sourceTree = "<group>";
		};
		53F6B9612A249ACF0097B464 /* Utilities */ = {
			isa = PBXGroup;
			children = (
				53F6B9882A2520E20097B464 /* Constants.swift */,
			);
			path = Utilities;
			sourceTree = "<group>";
		};
		53F6B9622A249ADB0097B464 /* Network */ = {
			isa = PBXGroup;
			children = (
				53F6B97E2A250DF20097B464 /* APIs */,
				53F6B9712A24F1B30097B464 /* Requests */,
				53F6B9872A251E6F0097B464 /* Manager */,
				53F6B9852A251E570097B464 /* Protocols */,
				53F6B9842A251E3F0097B464 /* Error */,
			);
			path = Network;
			sourceTree = "<group>";
		};
		53F6B9632A249EE50097B464 /* BikeStationList */ = {
			isa = PBXGroup;
			children = (
				53F6B9782A2501830097B464 /* View */,
				53F6B9772A25017B0097B464 /* ViewModel */,
				53F6B9742A24FB050097B464 /* Model */,
			);
			path = BikeStationList;
			sourceTree = "<group>";
		};
		53F6B9642A249EEF0097B464 /* BikeStationDetail */ = {
			isa = PBXGroup;
			children = (
				53F6B99A2A257ECB0097B464 /* Model */,
				53F6B9912A2555E60097B464 /* ViewModel */,
				53F6B9902A2555E10097B464 /* View */,
			);
			path = BikeStationDetail;
			sourceTree = "<group>";
		};
		53F6B9652A24D60F0097B464 /* Services */ = {
			isa = PBXGroup;
			children = (
				53F6B97B2A2502040097B464 /* Location */,
				53F6B9622A249ADB0097B464 /* Network */,
			);
			path = Services;
			sourceTree = "<group>";
		};
		53F6B9712A24F1B30097B464 /* Requests */ = {
			isa = PBXGroup;
			children = (
				53F6B96F2A24F1AF0097B464 /* GetBikeStationListRequest.swift */,
			);
			path = Requests;
			sourceTree = "<group>";
		};
		53F6B9742A24FB050097B464 /* Model */ = {
			isa = PBXGroup;
			children = (
				53F6B9752A24FB530097B464 /* BikeStationsResponse.swift */,
			);
			path = Model;
			sourceTree = "<group>";
		};
		53F6B9772A25017B0097B464 /* ViewModel */ = {
			isa = PBXGroup;
			children = (
				53F6B98E2A25463A0097B464 /* BikeStationCardVM.swift */,
				53F6B9792A2501CD0097B464 /* BikeStationListVM.swift */,
			);
			path = ViewModel;
			sourceTree = "<group>";
		};
		53F6B9782A2501830097B464 /* View */ = {
			isa = PBXGroup;
			children = (
				53F6B9812A2513410097B464 /* BikeStationListView.swift */,
				53F6B98A2A2522360097B464 /* BikeStationCardView.swift */,
			);
			path = View;
			sourceTree = "<group>";
		};
		53F6B97B2A2502040097B464 /* Location */ = {
			isa = PBXGroup;
			children = (
				53F6B97C2A2502170097B464 /* LocationService.swift */,
			);
			path = Location;
			sourceTree = "<group>";
		};
		53F6B97E2A250DF20097B464 /* APIs */ = {
			isa = PBXGroup;
			children = (
				53F6B97F2A250E260097B464 /* BikeStationsNetworkService.swift */,
			);
			path = APIs;
			sourceTree = "<group>";
		};
		53F6B9842A251E3F0097B464 /* Error */ = {
			isa = PBXGroup;
			children = (
				53F6B96B2A24DE900097B464 /* NetworkError.swift */,
			);
			path = Error;
			sourceTree = "<group>";
		};
		53F6B9852A251E570097B464 /* Protocols */ = {
			isa = PBXGroup;
			children = (
				53F6B9692A24DB320097B464 /* DataRequest.swift */,
			);
			path = Protocols;
			sourceTree = "<group>";
		};
		53F6B9872A251E6F0097B464 /* Manager */ = {
			isa = PBXGroup;
			children = (
				53F6B9672A24D8930097B464 /* NetworkService.swift */,
			);
			path = Manager;
			sourceTree = "<group>";
		};
		53F6B9902A2555E10097B464 /* View */ = {
			isa = PBXGroup;
			children = (
				53F6B9922A2556190097B464 /* BikeStationDetailView.swift */,
				53F6B9962A2578EA0097B464 /* MapView.swift */,
			);
			path = View;
			sourceTree = "<group>";
		};
		53F6B9912A2555E60097B464 /* ViewModel */ = {
			isa = PBXGroup;
			children = (
				53F6B9942A2570090097B464 /* BikeStationDetailVM.swift */,
				53F6B9982A257BA10097B464 /* MapViewVM.swift */,
			);
			path = ViewModel;
			sourceTree = "<group>";
		};
		53F6B99A2A257ECB0097B464 /* Model */ = {
			isa = PBXGroup;
			children = (
				53F6B99B2A257EDE0097B464 /* AnnotationItem.swift */,
			);
			path = Model;
			sourceTree = "<group>";
		};
/* End PBXGroup section */

/* Begin PBXNativeTarget section */
		53F6B92F2A237D780097B464 /* bike-stations */ = {
			isa = PBXNativeTarget;
			buildConfigurationList = 53F6B9542A237D790097B464 /* Build configuration list for PBXNativeTarget "bike-stations" */;
			buildPhases = (
				53F6B92C2A237D780097B464 /* Sources */,
				53F6B92D2A237D780097B464 /* Frameworks */,
				53F6B92E2A237D780097B464 /* Resources */,
			);
			buildRules = (
			);
			dependencies = (
			);
			name = "bike-stations";
			productName = "bike-stations";
			productReference = 53F6B9302A237D780097B464 /* bike-stations.app */;
			productType = "com.apple.product-type.application";
		};
		53F6B93F2A237D790097B464 /* bike-stationsTests */ = {
			isa = PBXNativeTarget;
			buildConfigurationList = 53F6B9572A237D790097B464 /* Build configuration list for PBXNativeTarget "bike-stationsTests" */;
			buildPhases = (
				53F6B93C2A237D790097B464 /* Sources */,
				53F6B93D2A237D790097B464 /* Frameworks */,
				53F6B93E2A237D790097B464 /* Resources */,
			);
			buildRules = (
			);
			dependencies = (
				53F6B9422A237D790097B464 /* PBXTargetDependency */,
			);
			name = "bike-stationsTests";
			productName = "bike-stationsTests";
			productReference = 53F6B9402A237D790097B464 /* bike-stationsTests.xctest */;
			productType = "com.apple.product-type.bundle.unit-test";
		};
		53F6B9492A237D790097B464 /* bike-stationsUITests */ = {
			isa = PBXNativeTarget;
			buildConfigurationList = 53F6B95A2A237D790097B464 /* Build configuration list for PBXNativeTarget "bike-stationsUITests" */;
			buildPhases = (
				53F6B9462A237D790097B464 /* Sources */,
				53F6B9472A237D790097B464 /* Frameworks */,
				53F6B9482A237D790097B464 /* Resources */,
			);
			buildRules = (
			);
			dependencies = (
				53F6B94C2A237D790097B464 /* PBXTargetDependency */,
			);
			name = "bike-stationsUITests";
			productName = "bike-stationsUITests";
			productReference = 53F6B94A2A237D790097B464 /* bike-stationsUITests.xctest */;
			productType = "com.apple.product-type.bundle.ui-testing";
		};
/* End PBXNativeTarget section */

/* Begin PBXProject section */
		53F6B9282A237D780097B464 /* Project object */ = {
			isa = PBXProject;
			attributes = {
				BuildIndependentTargetsInParallel = 1;
				LastSwiftUpdateCheck = 1430;
				LastUpgradeCheck = 1430;
				TargetAttributes = {
					53F6B92F2A237D780097B464 = {
						CreatedOnToolsVersion = 14.3;
					};
					53F6B93F2A237D790097B464 = {
						CreatedOnToolsVersion = 14.3;
						TestTargetID = 53F6B92F2A237D780097B464;
					};
					53F6B9492A237D790097B464 = {
						CreatedOnToolsVersion = 14.3;
						TestTargetID = 53F6B92F2A237D780097B464;
					};
				};
			};
			buildConfigurationList = 53F6B92B2A237D780097B464 /* Build configuration list for PBXProject "bike-stations" */;
			compatibilityVersion = "Xcode 14.0";
			developmentRegion = en;
			hasScannedForEncodings = 0;
			knownRegions = (
				en,
				Base,
			);
			mainGroup = 53F6B9272A237D780097B464;
			productRefGroup = 53F6B9312A237D780097B464 /* Products */;
			projectDirPath = "";
			projectRoot = "";
			targets = (
				53F6B92F2A237D780097B464 /* bike-stations */,
				53F6B93F2A237D790097B464 /* bike-stationsTests */,
				53F6B9492A237D790097B464 /* bike-stationsUITests */,
			);
		};
/* End PBXProject section */

/* Begin PBXResourcesBuildPhase section */
		53F6B92E2A237D780097B464 /* Resources */ = {
			isa = PBXResourcesBuildPhase;
			buildActionMask = 2147483647;
			files = (
				53F6B93B2A237D790097B464 /* Preview Assets.xcassets in Resources */,
				53F6B9382A237D790097B464 /* Assets.xcassets in Resources */,
			);
			runOnlyForDeploymentPostprocessing = 0;
		};
		53F6B93E2A237D790097B464 /* Resources */ = {
			isa = PBXResourcesBuildPhase;
			buildActionMask = 2147483647;
			files = (
			);
			runOnlyForDeploymentPostprocessing = 0;
		};
		53F6B9482A237D790097B464 /* Resources */ = {
			isa = PBXResourcesBuildPhase;
			buildActionMask = 2147483647;
			files = (
			);
			runOnlyForDeploymentPostprocessing = 0;
		};
/* End PBXResourcesBuildPhase section */

/* Begin PBXSourcesBuildPhase section */
		53F6B92C2A237D780097B464 /* Sources */ = {
			isa = PBXSourcesBuildPhase;
			buildActionMask = 2147483647;
			files = (
				53F6B9802A250E260097B464 /* BikeStationsNetworkService.swift in Sources */,
				53F6B9702A24F1AF0097B464 /* GetBikeStationListRequest.swift in Sources */,
				53F6B97D2A2502170097B464 /* LocationService.swift in Sources */,
				53F6B9362A237D780097B464 /* ContentView.swift in Sources */,
				53F6B9682A24D8930097B464 /* NetworkService.swift in Sources */,
				53F6B9762A24FB530097B464 /* BikeStationsResponse.swift in Sources */,
				53F6B98F2A25463A0097B464 /* BikeStationCardVM.swift in Sources */,
				53F6B99C2A257EDE0097B464 /* AnnotationItem.swift in Sources */,
				53F6B9952A2570090097B464 /* BikeStationDetailVM.swift in Sources */,
				53F6B9892A2520E20097B464 /* Constants.swift in Sources */,
				53F6B9972A2578EA0097B464 /* MapView.swift in Sources */,
				53F6B9342A237D780097B464 /* bike_stationsApp.swift in Sources */,
				53F6B9822A2513410097B464 /* BikeStationListView.swift in Sources */,
				53F6B98B2A2522360097B464 /* BikeStationCardView.swift in Sources */,
				53F6B97A2A2501CD0097B464 /* BikeStationListVM.swift in Sources */,
				53F6B9992A257BA10097B464 /* MapViewVM.swift in Sources */,
				53F6B9932A2556190097B464 /* BikeStationDetailView.swift in Sources */,
				53F6B96A2A24DB320097B464 /* DataRequest.swift in Sources */,
				53F6B96C2A24DE900097B464 /* NetworkError.swift in Sources */,
			);
			runOnlyForDeploymentPostprocessing = 0;
		};
		53F6B93C2A237D790097B464 /* Sources */ = {
			isa = PBXSourcesBuildPhase;
			buildActionMask = 2147483647;
			files = (
				53F6B9452A237D790097B464 /* bike_stationsTests.swift in Sources */,
			);
			runOnlyForDeploymentPostprocessing = 0;
		};
		53F6B9462A237D790097B464 /* Sources */ = {
			isa = PBXSourcesBuildPhase;
			buildActionMask = 2147483647;
			files = (
				53F6B9512A237D790097B464 /* bike_stationsUITestsLaunchTests.swift in Sources */,
				53F6B94F2A237D790097B464 /* bike_stationsUITests.swift in Sources */,
			);
			runOnlyForDeploymentPostprocessing = 0;
		};
/* End PBXSourcesBuildPhase section */

/* Begin PBXTargetDependency section */
		53F6B9422A237D790097B464 /* PBXTargetDependency */ = {
			isa = PBXTargetDependency;
			target = 53F6B92F2A237D780097B464 /* bike-stations */;
			targetProxy = 53F6B9412A237D790097B464 /* PBXContainerItemProxy */;
		};
		53F6B94C2A237D790097B464 /* PBXTargetDependency */ = {
			isa = PBXTargetDependency;
			target = 53F6B92F2A237D780097B464 /* bike-stations */;
			targetProxy = 53F6B94B2A237D790097B464 /* PBXContainerItemProxy */;
		};
/* End PBXTargetDependency section */

/* Begin XCBuildConfiguration section */
		53F6B9522A237D790097B464 /* Debug */ = {
			isa = XCBuildConfiguration;
			buildSettings = {
				ALWAYS_SEARCH_USER_PATHS = NO;
				CLANG_ANALYZER_NONNULL = YES;
				CLANG_ANALYZER_NUMBER_OBJECT_CONVERSION = YES_AGGRESSIVE;
				CLANG_CXX_LANGUAGE_STANDARD = "gnu++20";
				CLANG_ENABLE_MODULES = YES;
				CLANG_ENABLE_OBJC_ARC = YES;
				CLANG_ENABLE_OBJC_WEAK = YES;
				CLANG_WARN_BLOCK_CAPTURE_AUTORELEASING = YES;
				CLANG_WARN_BOOL_CONVERSION = YES;
				CLANG_WARN_COMMA = YES;
				CLANG_WARN_CONSTANT_CONVERSION = YES;
				CLANG_WARN_DEPRECATED_OBJC_IMPLEMENTATIONS = YES;
				CLANG_WARN_DIRECT_OBJC_ISA_USAGE = YES_ERROR;
				CLANG_WARN_DOCUMENTATION_COMMENTS = YES;
				CLANG_WARN_EMPTY_BODY = YES;
				CLANG_WARN_ENUM_CONVERSION = YES;
				CLANG_WARN_INFINITE_RECURSION = YES;
				CLANG_WARN_INT_CONVERSION = YES;
				CLANG_WARN_NON_LITERAL_NULL_CONVERSION = YES;
				CLANG_WARN_OBJC_IMPLICIT_RETAIN_SELF = YES;
				CLANG_WARN_OBJC_LITERAL_CONVERSION = YES;
				CLANG_WARN_OBJC_ROOT_CLASS = YES_ERROR;
				CLANG_WARN_QUOTED_INCLUDE_IN_FRAMEWORK_HEADER = YES;
				CLANG_WARN_RANGE_LOOP_ANALYSIS = YES;
				CLANG_WARN_STRICT_PROTOTYPES = YES;
				CLANG_WARN_SUSPICIOUS_MOVE = YES;
				CLANG_WARN_UNGUARDED_AVAILABILITY = YES_AGGRESSIVE;
				CLANG_WARN_UNREACHABLE_CODE = YES;
				CLANG_WARN__DUPLICATE_METHOD_MATCH = YES;
				COPY_PHASE_STRIP = NO;
				DEBUG_INFORMATION_FORMAT = dwarf;
				ENABLE_STRICT_OBJC_MSGSEND = YES;
				ENABLE_TESTABILITY = YES;
				GCC_C_LANGUAGE_STANDARD = gnu11;
				GCC_DYNAMIC_NO_PIC = NO;
				GCC_NO_COMMON_BLOCKS = YES;
				GCC_OPTIMIZATION_LEVEL = 0;
				GCC_PREPROCESSOR_DEFINITIONS = (
					"DEBUG=1",
					"$(inherited)",
				);
				GCC_WARN_64_TO_32_BIT_CONVERSION = YES;
				GCC_WARN_ABOUT_RETURN_TYPE = YES_ERROR;
				GCC_WARN_UNDECLARED_SELECTOR = YES;
				GCC_WARN_UNINITIALIZED_AUTOS = YES_AGGRESSIVE;
				GCC_WARN_UNUSED_FUNCTION = YES;
				GCC_WARN_UNUSED_VARIABLE = YES;
				IPHONEOS_DEPLOYMENT_TARGET = 16.0;
				MTL_ENABLE_DEBUG_INFO = INCLUDE_SOURCE;
				MTL_FAST_MATH = YES;
				ONLY_ACTIVE_ARCH = YES;
				SDKROOT = iphoneos;
				SWIFT_ACTIVE_COMPILATION_CONDITIONS = DEBUG;
				SWIFT_OPTIMIZATION_LEVEL = "-Onone";
			};
			name = Debug;
		};
		53F6B9532A237D790097B464 /* Release */ = {
			isa = XCBuildConfiguration;
			buildSettings = {
				ALWAYS_SEARCH_USER_PATHS = NO;
				CLANG_ANALYZER_NONNULL = YES;
				CLANG_ANALYZER_NUMBER_OBJECT_CONVERSION = YES_AGGRESSIVE;
				CLANG_CXX_LANGUAGE_STANDARD = "gnu++20";
				CLANG_ENABLE_MODULES = YES;
				CLANG_ENABLE_OBJC_ARC = YES;
				CLANG_ENABLE_OBJC_WEAK = YES;
				CLANG_WARN_BLOCK_CAPTURE_AUTORELEASING = YES;
				CLANG_WARN_BOOL_CONVERSION = YES;
				CLANG_WARN_COMMA = YES;
				CLANG_WARN_CONSTANT_CONVERSION = YES;
				CLANG_WARN_DEPRECATED_OBJC_IMPLEMENTATIONS = YES;
				CLANG_WARN_DIRECT_OBJC_ISA_USAGE = YES_ERROR;
				CLANG_WARN_DOCUMENTATION_COMMENTS = YES;
				CLANG_WARN_EMPTY_BODY = YES;
				CLANG_WARN_ENUM_CONVERSION = YES;
				CLANG_WARN_INFINITE_RECURSION = YES;
				CLANG_WARN_INT_CONVERSION = YES;
				CLANG_WARN_NON_LITERAL_NULL_CONVERSION = YES;
				CLANG_WARN_OBJC_IMPLICIT_RETAIN_SELF = YES;
				CLANG_WARN_OBJC_LITERAL_CONVERSION = YES;
				CLANG_WARN_OBJC_ROOT_CLASS = YES_ERROR;
				CLANG_WARN_QUOTED_INCLUDE_IN_FRAMEWORK_HEADER = YES;
				CLANG_WARN_RANGE_LOOP_ANALYSIS = YES;
				CLANG_WARN_STRICT_PROTOTYPES = YES;
				CLANG_WARN_SUSPICIOUS_MOVE = YES;
				CLANG_WARN_UNGUARDED_AVAILABILITY = YES_AGGRESSIVE;
				CLANG_WARN_UNREACHABLE_CODE = YES;
				CLANG_WARN__DUPLICATE_METHOD_MATCH = YES;
				COPY_PHASE_STRIP = NO;
				DEBUG_INFORMATION_FORMAT = "dwarf-with-dsym";
				ENABLE_NS_ASSERTIONS = NO;
				ENABLE_STRICT_OBJC_MSGSEND = YES;
				GCC_C_LANGUAGE_STANDARD = gnu11;
				GCC_NO_COMMON_BLOCKS = YES;
				GCC_WARN_64_TO_32_BIT_CONVERSION = YES;
				GCC_WARN_ABOUT_RETURN_TYPE = YES_ERROR;
				GCC_WARN_UNDECLARED_SELECTOR = YES;
				GCC_WARN_UNINITIALIZED_AUTOS = YES_AGGRESSIVE;
				GCC_WARN_UNUSED_FUNCTION = YES;
				GCC_WARN_UNUSED_VARIABLE = YES;
				IPHONEOS_DEPLOYMENT_TARGET = 16.0;
				MTL_ENABLE_DEBUG_INFO = NO;
				MTL_FAST_MATH = YES;
				SDKROOT = iphoneos;
				SWIFT_COMPILATION_MODE = wholemodule;
				SWIFT_OPTIMIZATION_LEVEL = "-O";
				VALIDATE_PRODUCT = YES;
			};
			name = Release;
		};
		53F6B9552A237D790097B464 /* Debug */ = {
			isa = XCBuildConfiguration;
			buildSettings = {
				ASSETCATALOG_COMPILER_APPICON_NAME = AppIcon;
				ASSETCATALOG_COMPILER_GLOBAL_ACCENT_COLOR_NAME = AccentColor;
				CODE_SIGN_STYLE = Automatic;
				CURRENT_PROJECT_VERSION = 1;
				DEVELOPMENT_ASSET_PATHS = "\"bike-stations/Preview Content\"";
				DEVELOPMENT_TEAM = AC9G84FCG3;
				ENABLE_PREVIEWS = YES;
				GENERATE_INFOPLIST_FILE = YES;
				INFOPLIST_FILE = "bike-stations/Info.plist";
				INFOPLIST_KEY_NSLocationUsageDescription = "This app will use your location to find bike stations near you";
				INFOPLIST_KEY_NSLocationWhenInUseUsageDescription = "This app will use your location to find bike stations near you";
				INFOPLIST_KEY_UIApplicationSceneManifest_Generation = YES;
				INFOPLIST_KEY_UIApplicationSupportsIndirectInputEvents = YES;
				INFOPLIST_KEY_UILaunchScreen_Generation = YES;
				INFOPLIST_KEY_UISupportedInterfaceOrientations_iPad = "UIInterfaceOrientationPortrait UIInterfaceOrientationPortraitUpsideDown UIInterfaceOrientationLandscapeLeft UIInterfaceOrientationLandscapeRight";
				INFOPLIST_KEY_UISupportedInterfaceOrientations_iPhone = "UIInterfaceOrientationPortrait UIInterfaceOrientationLandscapeLeft UIInterfaceOrientationLandscapeRight";
				IPHONEOS_DEPLOYMENT_TARGET = 16.0;
				LD_RUNPATH_SEARCH_PATHS = (
					"$(inherited)",
					"@executable_path/Frameworks",
				);
				MARKETING_VERSION = 1.0;
				PRODUCT_BUNDLE_IDENTIFIER = "ayubi.bike-stations";
				PRODUCT_NAME = "$(TARGET_NAME)";
				SWIFT_EMIT_LOC_STRINGS = YES;
				SWIFT_VERSION = 5.0;
				TARGETED_DEVICE_FAMILY = "1,2";
			};
			name = Debug;
		};
		53F6B9562A237D790097B464 /* Release */ = {
			isa = XCBuildConfiguration;
			buildSettings = {
				ASSETCATALOG_COMPILER_APPICON_NAME = AppIcon;
				ASSETCATALOG_COMPILER_GLOBAL_ACCENT_COLOR_NAME = AccentColor;
				CODE_SIGN_STYLE = Automatic;
				CURRENT_PROJECT_VERSION = 1;
				DEVELOPMENT_ASSET_PATHS = "\"bike-stations/Preview Content\"";
				DEVELOPMENT_TEAM = AC9G84FCG3;
				ENABLE_PREVIEWS = YES;
				GENERATE_INFOPLIST_FILE = YES;
				INFOPLIST_FILE = "bike-stations/Info.plist";
				INFOPLIST_KEY_NSLocationUsageDescription = "This app will use your location to find bike stations near you";
				INFOPLIST_KEY_NSLocationWhenInUseUsageDescription = "This app will use your location to find bike stations near you";
				INFOPLIST_KEY_UIApplicationSceneManifest_Generation = YES;
				INFOPLIST_KEY_UIApplicationSupportsIndirectInputEvents = YES;
				INFOPLIST_KEY_UILaunchScreen_Generation = YES;
				INFOPLIST_KEY_UISupportedInterfaceOrientations_iPad = "UIInterfaceOrientationPortrait UIInterfaceOrientationPortraitUpsideDown UIInterfaceOrientationLandscapeLeft UIInterfaceOrientationLandscapeRight";
				INFOPLIST_KEY_UISupportedInterfaceOrientations_iPhone = "UIInterfaceOrientationPortrait UIInterfaceOrientationLandscapeLeft UIInterfaceOrientationLandscapeRight";
				IPHONEOS_DEPLOYMENT_TARGET = 16.0;
				LD_RUNPATH_SEARCH_PATHS = (
					"$(inherited)",
					"@executable_path/Frameworks",
				);
				MARKETING_VERSION = 1.0;
				PRODUCT_BUNDLE_IDENTIFIER = "ayubi.bike-stations";
				PRODUCT_NAME = "$(TARGET_NAME)";
				SWIFT_EMIT_LOC_STRINGS = YES;
				SWIFT_VERSION = 5.0;
				TARGETED_DEVICE_FAMILY = "1,2";
			};
			name = Release;
		};
		53F6B9582A237D790097B464 /* Debug */ = {
			isa = XCBuildConfiguration;
			buildSettings = {
				ALWAYS_EMBED_SWIFT_STANDARD_LIBRARIES = YES;
				BUNDLE_LOADER = "$(TEST_HOST)";
				CODE_SIGN_STYLE = Automatic;
				CURRENT_PROJECT_VERSION = 1;
				DEVELOPMENT_TEAM = AC9G84FCG3;
				GENERATE_INFOPLIST_FILE = YES;
				IPHONEOS_DEPLOYMENT_TARGET = 16.4;
				MARKETING_VERSION = 1.0;
				PRODUCT_BUNDLE_IDENTIFIER = "ayubi.bike-stationsTests";
				PRODUCT_NAME = "$(TARGET_NAME)";
				SWIFT_EMIT_LOC_STRINGS = NO;
				SWIFT_VERSION = 5.0;
				TARGETED_DEVICE_FAMILY = "1,2";
				TEST_HOST = "$(BUILT_PRODUCTS_DIR)/bike-stations.app/$(BUNDLE_EXECUTABLE_FOLDER_PATH)/bike-stations";
			};
			name = Debug;
		};
		53F6B9592A237D790097B464 /* Release */ = {
			isa = XCBuildConfiguration;
			buildSettings = {
				ALWAYS_EMBED_SWIFT_STANDARD_LIBRARIES = YES;
				BUNDLE_LOADER = "$(TEST_HOST)";
				CODE_SIGN_STYLE = Automatic;
				CURRENT_PROJECT_VERSION = 1;
				DEVELOPMENT_TEAM = AC9G84FCG3;
				GENERATE_INFOPLIST_FILE = YES;
				IPHONEOS_DEPLOYMENT_TARGET = 16.4;
				MARKETING_VERSION = 1.0;
				PRODUCT_BUNDLE_IDENTIFIER = "ayubi.bike-stationsTests";
				PRODUCT_NAME = "$(TARGET_NAME)";
				SWIFT_EMIT_LOC_STRINGS = NO;
				SWIFT_VERSION = 5.0;
				TARGETED_DEVICE_FAMILY = "1,2";
				TEST_HOST = "$(BUILT_PRODUCTS_DIR)/bike-stations.app/$(BUNDLE_EXECUTABLE_FOLDER_PATH)/bike-stations";
			};
			name = Release;
		};
		53F6B95B2A237D790097B464 /* Debug */ = {
			isa = XCBuildConfiguration;
			buildSettings = {
				ALWAYS_EMBED_SWIFT_STANDARD_LIBRARIES = YES;
				CODE_SIGN_STYLE = Automatic;
				CURRENT_PROJECT_VERSION = 1;
				DEVELOPMENT_TEAM = AC9G84FCG3;
				GENERATE_INFOPLIST_FILE = YES;
				MARKETING_VERSION = 1.0;
				PRODUCT_BUNDLE_IDENTIFIER = "ayubi.bike-stationsUITests";
				PRODUCT_NAME = "$(TARGET_NAME)";
				SWIFT_EMIT_LOC_STRINGS = NO;
				SWIFT_VERSION = 5.0;
				TARGETED_DEVICE_FAMILY = "1,2";
				TEST_TARGET_NAME = "bike-stations";
			};
			name = Debug;
		};
		53F6B95C2A237D790097B464 /* Release */ = {
			isa = XCBuildConfiguration;
			buildSettings = {
				ALWAYS_EMBED_SWIFT_STANDARD_LIBRARIES = YES;
				CODE_SIGN_STYLE = Automatic;
				CURRENT_PROJECT_VERSION = 1;
				DEVELOPMENT_TEAM = AC9G84FCG3;
				GENERATE_INFOPLIST_FILE = YES;
				MARKETING_VERSION = 1.0;
				PRODUCT_BUNDLE_IDENTIFIER = "ayubi.bike-stationsUITests";
				PRODUCT_NAME = "$(TARGET_NAME)";
				SWIFT_EMIT_LOC_STRINGS = NO;
				SWIFT_VERSION = 5.0;
				TARGETED_DEVICE_FAMILY = "1,2";
				TEST_TARGET_NAME = "bike-stations";
			};
			name = Release;
		};
/* End XCBuildConfiguration section */

/* Begin XCConfigurationList section */
		53F6B92B2A237D780097B464 /* Build configuration list for PBXProject "bike-stations" */ = {
			isa = XCConfigurationList;
			buildConfigurations = (
				53F6B9522A237D790097B464 /* Debug */,
				53F6B9532A237D790097B464 /* Release */,
			);
			defaultConfigurationIsVisible = 0;
			defaultConfigurationName = Release;
		};
		53F6B9542A237D790097B464 /* Build configuration list for PBXNativeTarget "bike-stations" */ = {
			isa = XCConfigurationList;
			buildConfigurations = (
				53F6B9552A237D790097B464 /* Debug */,
				53F6B9562A237D790097B464 /* Release */,
			);
			defaultConfigurationIsVisible = 0;
			defaultConfigurationName = Release;
		};
		53F6B9572A237D790097B464 /* Build configuration list for PBXNativeTarget "bike-stationsTests" */ = {
			isa = XCConfigurationList;
			buildConfigurations = (
				53F6B9582A237D790097B464 /* Debug */,
				53F6B9592A237D790097B464 /* Release */,
			);
			defaultConfigurationIsVisible = 0;
			defaultConfigurationName = Release;
		};
		53F6B95A2A237D790097B464 /* Build configuration list for PBXNativeTarget "bike-stationsUITests" */ = {
			isa = XCConfigurationList;
			buildConfigurations = (
				53F6B95B2A237D790097B464 /* Debug */,
				53F6B95C2A237D790097B464 /* Release */,
			);
			defaultConfigurationIsVisible = 0;
			defaultConfigurationName = Release;
		};
/* End XCConfigurationList section */
	};
	rootObject = 53F6B9282A237D780097B464 /* Project object */;
}
